// !$*UTF8*$!
{
	archiveVersion = 1;
	classes = {
	};
	objectVersion = 51;
	objects = {

/* Begin PBXBuildFile section */
		16AB4BF44389CFE18C60E056 /* Pods_SwiftStudy_SwiftStudyUITests.framework in Frameworks */ = {isa = PBXBuildFile; fileRef = 1AB937FA052768BC8F6DE8E3 /* Pods_SwiftStudy_SwiftStudyUITests.framework */; };
		3601D0A645728634A07D334B /* Pods_SwiftStudyTests.framework in Frameworks */ = {isa = PBXBuildFile; fileRef = D8A39861821F984254C11111 /* Pods_SwiftStudyTests.framework */; };
		5F447055503C17FDE4E6EBFF /* Pods_SwiftStudy.framework in Frameworks */ = {isa = PBXBuildFile; fileRef = 3F155BF52D30F976D2E9571D /* Pods_SwiftStudy.framework */; };
		AA16C6E426A056E600D4BF84 /* PageViewController.swift in Sources */ = {isa = PBXBuildFile; fileRef = AA16C6E226A056E600D4BF84 /* PageViewController.swift */; };
		AA16C6E526A056E600D4BF84 /* PageViewController.xib in Resources */ = {isa = PBXBuildFile; fileRef = AA16C6E326A056E600D4BF84 /* PageViewController.xib */; };
		AA16C6EB26A05D1C00D4BF84 /* FirstPageVC.swift in Sources */ = {isa = PBXBuildFile; fileRef = AA16C6E926A05D1C00D4BF84 /* FirstPageVC.swift */; };
		AA16C6EC26A05D1C00D4BF84 /* FirstPageVC.xib in Resources */ = {isa = PBXBuildFile; fileRef = AA16C6EA26A05D1C00D4BF84 /* FirstPageVC.xib */; };
		AA16C6F026A05D3900D4BF84 /* SecondPageVC.swift in Sources */ = {isa = PBXBuildFile; fileRef = AA16C6EE26A05D3900D4BF84 /* SecondPageVC.swift */; };
		AA16C6F126A05D3900D4BF84 /* SecondPageVC.xib in Resources */ = {isa = PBXBuildFile; fileRef = AA16C6EF26A05D3900D4BF84 /* SecondPageVC.xib */; };
		AA29E6ED26B6E19F0022B4ED /* TimerViewController.swift in Sources */ = {isa = PBXBuildFile; fileRef = AA29E6EB26B6E19F0022B4ED /* TimerViewController.swift */; };
		AA29E6EE26B6E19F0022B4ED /* TimerViewController.xib in Resources */ = {isa = PBXBuildFile; fileRef = AA29E6EC26B6E19F0022B4ED /* TimerViewController.xib */; };
		AA2C758E269F09DD0095698F /* MainPresenter.swift in Sources */ = {isa = PBXBuildFile; fileRef = AA2C7588269F09DD0095698F /* MainPresenter.swift */; };
		AA2C758F269F09DD0095698F /* MainWorker.swift in Sources */ = {isa = PBXBuildFile; fileRef = AA2C7589269F09DD0095698F /* MainWorker.swift */; };
		AA2C7590269F09DD0095698F /* MainRouter.swift in Sources */ = {isa = PBXBuildFile; fileRef = AA2C758A269F09DD0095698F /* MainRouter.swift */; };
		AA2C7591269F09DD0095698F /* MainModels.swift in Sources */ = {isa = PBXBuildFile; fileRef = AA2C758B269F09DD0095698F /* MainModels.swift */; };
		AA2C7592269F09DD0095698F /* MainViewController.swift in Sources */ = {isa = PBXBuildFile; fileRef = AA2C758C269F09DD0095698F /* MainViewController.swift */; };
		AA2C7593269F09DD0095698F /* MainInteractor.swift in Sources */ = {isa = PBXBuildFile; fileRef = AA2C758D269F09DD0095698F /* MainInteractor.swift */; };
		AA2C7595269F0A470095698F /* MainViewController.xib in Resources */ = {isa = PBXBuildFile; fileRef = AA2C7594269F0A470095698F /* MainViewController.xib */; };
		AA2C7598269F2C970095698F /* ScrollVC3.swift in Sources */ = {isa = PBXBuildFile; fileRef = AA2C7596269F2C970095698F /* ScrollVC3.swift */; };
		AA2C7599269F2C970095698F /* ScrollVC3.xib in Resources */ = {isa = PBXBuildFile; fileRef = AA2C7597269F2C970095698F /* ScrollVC3.xib */; };
		AA6F3E0E2678D346002FEA50 /* AppDelegate.swift in Sources */ = {isa = PBXBuildFile; fileRef = AA6F3E0D2678D346002FEA50 /* AppDelegate.swift */; };
		AA6F3E102678D346002FEA50 /* SceneDelegate.swift in Sources */ = {isa = PBXBuildFile; fileRef = AA6F3E0F2678D346002FEA50 /* SceneDelegate.swift */; };
		AA6F3E182678D346002FEA50 /* SwiftStudy.xcdatamodeld in Sources */ = {isa = PBXBuildFile; fileRef = AA6F3E162678D346002FEA50 /* SwiftStudy.xcdatamodeld */; };
		AA6F3E1A2678D347002FEA50 /* Assets.xcassets in Resources */ = {isa = PBXBuildFile; fileRef = AA6F3E192678D347002FEA50 /* Assets.xcassets */; };
		AA6F3E1D2678D347002FEA50 /* LaunchScreen.storyboard in Resources */ = {isa = PBXBuildFile; fileRef = AA6F3E1B2678D347002FEA50 /* LaunchScreen.storyboard */; };
		AA6F3E282678D347002FEA50 /* SwiftStudyTests.swift in Sources */ = {isa = PBXBuildFile; fileRef = AA6F3E272678D347002FEA50 /* SwiftStudyTests.swift */; };
		AA6F3E332678D347002FEA50 /* SwiftStudyUITests.swift in Sources */ = {isa = PBXBuildFile; fileRef = AA6F3E322678D347002FEA50 /* SwiftStudyUITests.swift */; };
		AA6F3E442678D3BA002FEA50 /* TextFieldVC.swift in Sources */ = {isa = PBXBuildFile; fileRef = AA6F3E422678D3BA002FEA50 /* TextFieldVC.swift */; };
		AA6F3E452678D3BA002FEA50 /* TextFieldVC.xib in Resources */ = {isa = PBXBuildFile; fileRef = AA6F3E432678D3BA002FEA50 /* TextFieldVC.xib */; };
		AAA8D57426B2E00100545223 /* RxSwiftPresenter.swift in Sources */ = {isa = PBXBuildFile; fileRef = AAA8D56E26B2E00100545223 /* RxSwiftPresenter.swift */; };
		AAA8D57526B2E00100545223 /* RxSwiftWorker.swift in Sources */ = {isa = PBXBuildFile; fileRef = AAA8D56F26B2E00100545223 /* RxSwiftWorker.swift */; };
		AAA8D57626B2E00100545223 /* RxSwiftRouter.swift in Sources */ = {isa = PBXBuildFile; fileRef = AAA8D57026B2E00100545223 /* RxSwiftRouter.swift */; };
		AAA8D57726B2E00100545223 /* RxSwiftModels.swift in Sources */ = {isa = PBXBuildFile; fileRef = AAA8D57126B2E00100545223 /* RxSwiftModels.swift */; };
		AAA8D57826B2E00100545223 /* RxSwiftViewController.swift in Sources */ = {isa = PBXBuildFile; fileRef = AAA8D57226B2E00100545223 /* RxSwiftViewController.swift */; };
		AAA8D57926B2E00100545223 /* RxSwiftInteractor.swift in Sources */ = {isa = PBXBuildFile; fileRef = AAA8D57326B2E00100545223 /* RxSwiftInteractor.swift */; };
		AAA8D57B26B2E01F00545223 /* RxSwiftViewController.xib in Resources */ = {isa = PBXBuildFile; fileRef = AAA8D57A26B2E01F00545223 /* RxSwiftViewController.xib */; };
		AACB7171268B4FBC00CADF6B /* ScrollVC1.swift in Sources */ = {isa = PBXBuildFile; fileRef = AACB716F268B4FBC00CADF6B /* ScrollVC1.swift */; };
		AACB7172268B4FBC00CADF6B /* ScrollVC1.xib in Resources */ = {isa = PBXBuildFile; fileRef = AACB7170268B4FBC00CADF6B /* ScrollVC1.xib */; };
		AACB7175268B5A6800CADF6B /* ScrollVC2.swift in Sources */ = {isa = PBXBuildFile; fileRef = AACB7173268B5A6800CADF6B /* ScrollVC2.swift */; };
		AACB7176268B5A6800CADF6B /* ScrollVC2.xib in Resources */ = {isa = PBXBuildFile; fileRef = AACB7174268B5A6800CADF6B /* ScrollVC2.xib */; };
		AACB7179268B6D7F00CADF6B /* UserDefaultsManager.swift in Sources */ = {isa = PBXBuildFile; fileRef = AACB7178268B6D7F00CADF6B /* UserDefaultsManager.swift */; };
/* End PBXBuildFile section */

/* Begin PBXContainerItemProxy section */
		AA6F3E242678D347002FEA50 /* PBXContainerItemProxy */ = {
			isa = PBXContainerItemProxy;
			containerPortal = AA6F3E022678D346002FEA50 /* Project object */;
			proxyType = 1;
			remoteGlobalIDString = AA6F3E092678D346002FEA50;
			remoteInfo = SwiftStudy;
		};
		AA6F3E2F2678D347002FEA50 /* PBXContainerItemProxy */ = {
			isa = PBXContainerItemProxy;
			containerPortal = AA6F3E022678D346002FEA50 /* Project object */;
			proxyType = 1;
			remoteGlobalIDString = AA6F3E092678D346002FEA50;
			remoteInfo = SwiftStudy;
		};
/* End PBXContainerItemProxy section */

/* Begin PBXFileReference section */
		1AB937FA052768BC8F6DE8E3 /* Pods_SwiftStudy_SwiftStudyUITests.framework */ = {isa = PBXFileReference; explicitFileType = wrapper.framework; includeInIndex = 0; path = Pods_SwiftStudy_SwiftStudyUITests.framework; sourceTree = BUILT_PRODUCTS_DIR; };
		281DE0DCF89DA93121DDBCDE /* Pods-SwiftStudyTests.debug.xcconfig */ = {isa = PBXFileReference; includeInIndex = 1; lastKnownFileType = text.xcconfig; name = "Pods-SwiftStudyTests.debug.xcconfig"; path = "Target Support Files/Pods-SwiftStudyTests/Pods-SwiftStudyTests.debug.xcconfig"; sourceTree = "<group>"; };
		3F155BF52D30F976D2E9571D /* Pods_SwiftStudy.framework */ = {isa = PBXFileReference; explicitFileType = wrapper.framework; includeInIndex = 0; path = Pods_SwiftStudy.framework; sourceTree = BUILT_PRODUCTS_DIR; };
		3F941B110800032ABE50C9CC /* Pods-SwiftStudyTests.release.xcconfig */ = {isa = PBXFileReference; includeInIndex = 1; lastKnownFileType = text.xcconfig; name = "Pods-SwiftStudyTests.release.xcconfig"; path = "Target Support Files/Pods-SwiftStudyTests/Pods-SwiftStudyTests.release.xcconfig"; sourceTree = "<group>"; };
		66F78063F3504DDC678F7735 /* Pods-SwiftStudy.debug.xcconfig */ = {isa = PBXFileReference; includeInIndex = 1; lastKnownFileType = text.xcconfig; name = "Pods-SwiftStudy.debug.xcconfig"; path = "Target Support Files/Pods-SwiftStudy/Pods-SwiftStudy.debug.xcconfig"; sourceTree = "<group>"; };
		87F222C23A869C696C9ED819 /* Pods-SwiftStudy-SwiftStudyUITests.release.xcconfig */ = {isa = PBXFileReference; includeInIndex = 1; lastKnownFileType = text.xcconfig; name = "Pods-SwiftStudy-SwiftStudyUITests.release.xcconfig"; path = "Target Support Files/Pods-SwiftStudy-SwiftStudyUITests/Pods-SwiftStudy-SwiftStudyUITests.release.xcconfig"; sourceTree = "<group>"; };
		AA16C6E226A056E600D4BF84 /* PageViewController.swift */ = {isa = PBXFileReference; lastKnownFileType = sourcecode.swift; path = PageViewController.swift; sourceTree = "<group>"; };
		AA16C6E326A056E600D4BF84 /* PageViewController.xib */ = {isa = PBXFileReference; lastKnownFileType = file.xib; path = PageViewController.xib; sourceTree = "<group>"; };
		AA16C6E926A05D1C00D4BF84 /* FirstPageVC.swift */ = {isa = PBXFileReference; lastKnownFileType = sourcecode.swift; path = FirstPageVC.swift; sourceTree = "<group>"; };
		AA16C6EA26A05D1C00D4BF84 /* FirstPageVC.xib */ = {isa = PBXFileReference; lastKnownFileType = file.xib; path = FirstPageVC.xib; sourceTree = "<group>"; };
		AA16C6EE26A05D3900D4BF84 /* SecondPageVC.swift */ = {isa = PBXFileReference; lastKnownFileType = sourcecode.swift; path = SecondPageVC.swift; sourceTree = "<group>"; };
		AA16C6EF26A05D3900D4BF84 /* SecondPageVC.xib */ = {isa = PBXFileReference; lastKnownFileType = file.xib; path = SecondPageVC.xib; sourceTree = "<group>"; };
		AA29E6EB26B6E19F0022B4ED /* TimerViewController.swift */ = {isa = PBXFileReference; lastKnownFileType = sourcecode.swift; path = TimerViewController.swift; sourceTree = "<group>"; };
		AA29E6EC26B6E19F0022B4ED /* TimerViewController.xib */ = {isa = PBXFileReference; lastKnownFileType = file.xib; path = TimerViewController.xib; sourceTree = "<group>"; };
		AA2C7588269F09DD0095698F /* MainPresenter.swift */ = {isa = PBXFileReference; lastKnownFileType = sourcecode.swift; path = MainPresenter.swift; sourceTree = "<group>"; };
		AA2C7589269F09DD0095698F /* MainWorker.swift */ = {isa = PBXFileReference; lastKnownFileType = sourcecode.swift; path = MainWorker.swift; sourceTree = "<group>"; };
		AA2C758A269F09DD0095698F /* MainRouter.swift */ = {isa = PBXFileReference; lastKnownFileType = sourcecode.swift; path = MainRouter.swift; sourceTree = "<group>"; };
		AA2C758B269F09DD0095698F /* MainModels.swift */ = {isa = PBXFileReference; lastKnownFileType = sourcecode.swift; path = MainModels.swift; sourceTree = "<group>"; };
		AA2C758C269F09DD0095698F /* MainViewController.swift */ = {isa = PBXFileReference; lastKnownFileType = sourcecode.swift; path = MainViewController.swift; sourceTree = "<group>"; };
		AA2C758D269F09DD0095698F /* MainInteractor.swift */ = {isa = PBXFileReference; lastKnownFileType = sourcecode.swift; path = MainInteractor.swift; sourceTree = "<group>"; };
		AA2C7594269F0A470095698F /* MainViewController.xib */ = {isa = PBXFileReference; lastKnownFileType = file.xib; path = MainViewController.xib; sourceTree = "<group>"; };
		AA2C7596269F2C970095698F /* ScrollVC3.swift */ = {isa = PBXFileReference; lastKnownFileType = sourcecode.swift; path = ScrollVC3.swift; sourceTree = "<group>"; };
		AA2C7597269F2C970095698F /* ScrollVC3.xib */ = {isa = PBXFileReference; lastKnownFileType = file.xib; path = ScrollVC3.xib; sourceTree = "<group>"; };
		AA6F3E0A2678D346002FEA50 /* SwiftStudy.app */ = {isa = PBXFileReference; explicitFileType = wrapper.application; includeInIndex = 0; path = SwiftStudy.app; sourceTree = BUILT_PRODUCTS_DIR; };
		AA6F3E0D2678D346002FEA50 /* AppDelegate.swift */ = {isa = PBXFileReference; lastKnownFileType = sourcecode.swift; path = AppDelegate.swift; sourceTree = "<group>"; };
		AA6F3E0F2678D346002FEA50 /* SceneDelegate.swift */ = {isa = PBXFileReference; lastKnownFileType = sourcecode.swift; path = SceneDelegate.swift; sourceTree = "<group>"; };
		AA6F3E172678D346002FEA50 /* SwiftStudy.xcdatamodel */ = {isa = PBXFileReference; lastKnownFileType = wrapper.xcdatamodel; path = SwiftStudy.xcdatamodel; sourceTree = "<group>"; };
		AA6F3E192678D347002FEA50 /* Assets.xcassets */ = {isa = PBXFileReference; lastKnownFileType = folder.assetcatalog; path = Assets.xcassets; sourceTree = "<group>"; };
		AA6F3E1C2678D347002FEA50 /* Base */ = {isa = PBXFileReference; lastKnownFileType = file.storyboard; name = Base; path = Base.lproj/LaunchScreen.storyboard; sourceTree = "<group>"; };
		AA6F3E1E2678D347002FEA50 /* Info.plist */ = {isa = PBXFileReference; lastKnownFileType = text.plist.xml; path = Info.plist; sourceTree = "<group>"; };
		AA6F3E232678D347002FEA50 /* SwiftStudyTests.xctest */ = {isa = PBXFileReference; explicitFileType = wrapper.cfbundle; includeInIndex = 0; path = SwiftStudyTests.xctest; sourceTree = BUILT_PRODUCTS_DIR; };
		AA6F3E272678D347002FEA50 /* SwiftStudyTests.swift */ = {isa = PBXFileReference; lastKnownFileType = sourcecode.swift; path = SwiftStudyTests.swift; sourceTree = "<group>"; };
		AA6F3E292678D347002FEA50 /* Info.plist */ = {isa = PBXFileReference; lastKnownFileType = text.plist.xml; path = Info.plist; sourceTree = "<group>"; };
		AA6F3E2E2678D347002FEA50 /* SwiftStudyUITests.xctest */ = {isa = PBXFileReference; explicitFileType = wrapper.cfbundle; includeInIndex = 0; path = SwiftStudyUITests.xctest; sourceTree = BUILT_PRODUCTS_DIR; };
		AA6F3E322678D347002FEA50 /* SwiftStudyUITests.swift */ = {isa = PBXFileReference; lastKnownFileType = sourcecode.swift; path = SwiftStudyUITests.swift; sourceTree = "<group>"; };
		AA6F3E342678D347002FEA50 /* Info.plist */ = {isa = PBXFileReference; lastKnownFileType = text.plist.xml; path = Info.plist; sourceTree = "<group>"; };
		AA6F3E422678D3BA002FEA50 /* TextFieldVC.swift */ = {isa = PBXFileReference; lastKnownFileType = sourcecode.swift; path = TextFieldVC.swift; sourceTree = "<group>"; };
		AA6F3E432678D3BA002FEA50 /* TextFieldVC.xib */ = {isa = PBXFileReference; lastKnownFileType = file.xib; path = TextFieldVC.xib; sourceTree = "<group>"; };
		AAA8D56E26B2E00100545223 /* RxSwiftPresenter.swift */ = {isa = PBXFileReference; lastKnownFileType = sourcecode.swift; path = RxSwiftPresenter.swift; sourceTree = "<group>"; };
		AAA8D56F26B2E00100545223 /* RxSwiftWorker.swift */ = {isa = PBXFileReference; lastKnownFileType = sourcecode.swift; path = RxSwiftWorker.swift; sourceTree = "<group>"; };
		AAA8D57026B2E00100545223 /* RxSwiftRouter.swift */ = {isa = PBXFileReference; lastKnownFileType = sourcecode.swift; path = RxSwiftRouter.swift; sourceTree = "<group>"; };
		AAA8D57126B2E00100545223 /* RxSwiftModels.swift */ = {isa = PBXFileReference; lastKnownFileType = sourcecode.swift; path = RxSwiftModels.swift; sourceTree = "<group>"; };
		AAA8D57226B2E00100545223 /* RxSwiftViewController.swift */ = {isa = PBXFileReference; lastKnownFileType = sourcecode.swift; path = RxSwiftViewController.swift; sourceTree = "<group>"; };
		AAA8D57326B2E00100545223 /* RxSwiftInteractor.swift */ = {isa = PBXFileReference; lastKnownFileType = sourcecode.swift; path = RxSwiftInteractor.swift; sourceTree = "<group>"; };
		AAA8D57A26B2E01F00545223 /* RxSwiftViewController.xib */ = {isa = PBXFileReference; lastKnownFileType = file.xib; path = RxSwiftViewController.xib; sourceTree = "<group>"; };
		AACB716F268B4FBC00CADF6B /* ScrollVC1.swift */ = {isa = PBXFileReference; lastKnownFileType = sourcecode.swift; path = ScrollVC1.swift; sourceTree = "<group>"; };
		AACB7170268B4FBC00CADF6B /* ScrollVC1.xib */ = {isa = PBXFileReference; lastKnownFileType = file.xib; path = ScrollVC1.xib; sourceTree = "<group>"; };
		AACB7173268B5A6800CADF6B /* ScrollVC2.swift */ = {isa = PBXFileReference; lastKnownFileType = sourcecode.swift; path = ScrollVC2.swift; sourceTree = "<group>"; };
		AACB7174268B5A6800CADF6B /* ScrollVC2.xib */ = {isa = PBXFileReference; lastKnownFileType = file.xib; path = ScrollVC2.xib; sourceTree = "<group>"; };
		AACB7178268B6D7F00CADF6B /* UserDefaultsManager.swift */ = {isa = PBXFileReference; lastKnownFileType = sourcecode.swift; path = UserDefaultsManager.swift; sourceTree = "<group>"; };
		D8A39861821F984254C11111 /* Pods_SwiftStudyTests.framework */ = {isa = PBXFileReference; explicitFileType = wrapper.framework; includeInIndex = 0; path = Pods_SwiftStudyTests.framework; sourceTree = BUILT_PRODUCTS_DIR; };
		DD24FDD65C505562EA270F2D /* Pods-SwiftStudy.release.xcconfig */ = {isa = PBXFileReference; includeInIndex = 1; lastKnownFileType = text.xcconfig; name = "Pods-SwiftStudy.release.xcconfig"; path = "Target Support Files/Pods-SwiftStudy/Pods-SwiftStudy.release.xcconfig"; sourceTree = "<group>"; };
		EB7C4892C347932ED5A0B756 /* Pods-SwiftStudy-SwiftStudyUITests.debug.xcconfig */ = {isa = PBXFileReference; includeInIndex = 1; lastKnownFileType = text.xcconfig; name = "Pods-SwiftStudy-SwiftStudyUITests.debug.xcconfig"; path = "Target Support Files/Pods-SwiftStudy-SwiftStudyUITests/Pods-SwiftStudy-SwiftStudyUITests.debug.xcconfig"; sourceTree = "<group>"; };
/* End PBXFileReference section */

/* Begin PBXFrameworksBuildPhase section */
		AA6F3E072678D346002FEA50 /* Frameworks */ = {
			isa = PBXFrameworksBuildPhase;
			buildActionMask = 2147483647;
			files = (
				5F447055503C17FDE4E6EBFF /* Pods_SwiftStudy.framework in Frameworks */,
			);
			runOnlyForDeploymentPostprocessing = 0;
		};
		AA6F3E202678D347002FEA50 /* Frameworks */ = {
			isa = PBXFrameworksBuildPhase;
			buildActionMask = 2147483647;
			files = (
				3601D0A645728634A07D334B /* Pods_SwiftStudyTests.framework in Frameworks */,
			);
			runOnlyForDeploymentPostprocessing = 0;
		};
		AA6F3E2B2678D347002FEA50 /* Frameworks */ = {
			isa = PBXFrameworksBuildPhase;
			buildActionMask = 2147483647;
			files = (
				16AB4BF44389CFE18C60E056 /* Pods_SwiftStudy_SwiftStudyUITests.framework in Frameworks */,
			);
			runOnlyForDeploymentPostprocessing = 0;
		};
/* End PBXFrameworksBuildPhase section */

/* Begin PBXGroup section */
		AA16C6E126A056A900D4BF84 /* PageViewController */ = {
			isa = PBXGroup;
			children = (
				AA16C6E626A05CE100D4BF84 /* View */,
				AA16C6E226A056E600D4BF84 /* PageViewController.swift */,
				AA16C6E326A056E600D4BF84 /* PageViewController.xib */,
			);
			path = PageViewController;
			sourceTree = "<group>";
		};
		AA16C6E626A05CE100D4BF84 /* View */ = {
			isa = PBXGroup;
			children = (
				AA16C6E926A05D1C00D4BF84 /* FirstPageVC.swift */,
				AA16C6EA26A05D1C00D4BF84 /* FirstPageVC.xib */,
				AA16C6EE26A05D3900D4BF84 /* SecondPageVC.swift */,
				AA16C6EF26A05D3900D4BF84 /* SecondPageVC.xib */,
			);
			path = View;
			sourceTree = "<group>";
		};
		AA29E6EA26B6E1880022B4ED /* Timer */ = {
			isa = PBXGroup;
			children = (
				AA29E6EB26B6E19F0022B4ED /* TimerViewController.swift */,
				AA29E6EC26B6E19F0022B4ED /* TimerViewController.xib */,
			);
			path = Timer;
			sourceTree = "<group>";
		};
		AA2C757B269F09A30095698F /* Main */ = {
			isa = PBXGroup;
			children = (
				AA2C758D269F09DD0095698F /* MainInteractor.swift */,
				AA2C758B269F09DD0095698F /* MainModels.swift */,
				AA2C7588269F09DD0095698F /* MainPresenter.swift */,
				AA2C758A269F09DD0095698F /* MainRouter.swift */,
				AA2C758C269F09DD0095698F /* MainViewController.swift */,
				AA2C7594269F0A470095698F /* MainViewController.xib */,
				AA2C7589269F09DD0095698F /* MainWorker.swift */,
			);
			path = Main;
			sourceTree = "<group>";
		};
		AA6F3E012678D346002FEA50 = {
			isa = PBXGroup;
			children = (
				AA6F3E0C2678D346002FEA50 /* SwiftStudy */,
				AA6F3E262678D347002FEA50 /* SwiftStudyTests */,
				AA6F3E312678D347002FEA50 /* SwiftStudyUITests */,
				AA6F3E0B2678D346002FEA50 /* Products */,
				C5D87590A547C1D3EA614E6D /* Pods */,
				E2000DE006DAAEB64D20B9B8 /* Frameworks */,
			);
			sourceTree = "<group>";
		};
		AA6F3E0B2678D346002FEA50 /* Products */ = {
			isa = PBXGroup;
			children = (
				AA6F3E0A2678D346002FEA50 /* SwiftStudy.app */,
				AA6F3E232678D347002FEA50 /* SwiftStudyTests.xctest */,
				AA6F3E2E2678D347002FEA50 /* SwiftStudyUITests.xctest */,
			);
			name = Products;
			sourceTree = "<group>";
		};
		AA6F3E0C2678D346002FEA50 /* SwiftStudy */ = {
			isa = PBXGroup;
			children = (
				AA6F3E402678D3A3002FEA50 /* App */,
				AA6F3E0D2678D346002FEA50 /* AppDelegate.swift */,
				AA6F3E0F2678D346002FEA50 /* SceneDelegate.swift */,
				AA6F3E192678D347002FEA50 /* Assets.xcassets */,
				AA6F3E1B2678D347002FEA50 /* LaunchScreen.storyboard */,
				AA6F3E1E2678D347002FEA50 /* Info.plist */,
				AA6F3E162678D346002FEA50 /* SwiftStudy.xcdatamodeld */,
			);
			path = SwiftStudy;
			sourceTree = "<group>";
		};
		AA6F3E262678D347002FEA50 /* SwiftStudyTests */ = {
			isa = PBXGroup;
			children = (
				AA6F3E272678D347002FEA50 /* SwiftStudyTests.swift */,
				AA6F3E292678D347002FEA50 /* Info.plist */,
			);
			path = SwiftStudyTests;
			sourceTree = "<group>";
		};
		AA6F3E312678D347002FEA50 /* SwiftStudyUITests */ = {
			isa = PBXGroup;
			children = (
				AA6F3E322678D347002FEA50 /* SwiftStudyUITests.swift */,
				AA6F3E342678D347002FEA50 /* Info.plist */,
			);
			path = SwiftStudyUITests;
			sourceTree = "<group>";
		};
		AA6F3E402678D3A3002FEA50 /* App */ = {
			isa = PBXGroup;
			children = (
				AA2C757B269F09A30095698F /* Main */,
				AA16C6E126A056A900D4BF84 /* PageViewController */,
				AAA8D56026B2DF9200545223 /* RxSwift + CleanSwift */,
				AACB716D268B4A8B00CADF6B /* ScrollView */,
				AA6F3E412678D3AA002FEA50 /* TextField */,
				AA29E6EA26B6E1880022B4ED /* Timer */,
				AACB7177268B6D1A00CADF6B /* Util */,
			);
			path = App;
			sourceTree = "<group>";
		};
		AA6F3E412678D3AA002FEA50 /* TextField */ = {
			isa = PBXGroup;
			children = (
				AA6F3E422678D3BA002FEA50 /* TextFieldVC.swift */,
				AA6F3E432678D3BA002FEA50 /* TextFieldVC.xib */,
			);
			path = TextField;
			sourceTree = "<group>";
		};
		AAA8D56026B2DF9200545223 /* RxSwift + CleanSwift */ = {
			isa = PBXGroup;
			children = (
				AAA8D57326B2E00100545223 /* RxSwiftInteractor.swift */,
				AAA8D57126B2E00100545223 /* RxSwiftModels.swift */,
				AAA8D56E26B2E00100545223 /* RxSwiftPresenter.swift */,
				AAA8D57026B2E00100545223 /* RxSwiftRouter.swift */,
				AAA8D57226B2E00100545223 /* RxSwiftViewController.swift */,
				AAA8D57A26B2E01F00545223 /* RxSwiftViewController.xib */,
				AAA8D56F26B2E00100545223 /* RxSwiftWorker.swift */,
			);
			path = "RxSwift + CleanSwift";
			sourceTree = "<group>";
		};
		AACB716D268B4A8B00CADF6B /* ScrollView */ = {
			isa = PBXGroup;
			children = (
				AACB716F268B4FBC00CADF6B /* ScrollVC1.swift */,
				AACB7170268B4FBC00CADF6B /* ScrollVC1.xib */,
				AACB7173268B5A6800CADF6B /* ScrollVC2.swift */,
				AACB7174268B5A6800CADF6B /* ScrollVC2.xib */,
				AA2C7596269F2C970095698F /* ScrollVC3.swift */,
				AA2C7597269F2C970095698F /* ScrollVC3.xib */,
			);
			path = ScrollView;
			sourceTree = "<group>";
		};
		AACB7177268B6D1A00CADF6B /* Util */ = {
			isa = PBXGroup;
			children = (
				AACB7178268B6D7F00CADF6B /* UserDefaultsManager.swift */,
			);
			path = Util;
			sourceTree = "<group>";
		};
		C5D87590A547C1D3EA614E6D /* Pods */ = {
			isa = PBXGroup;
			children = (
				66F78063F3504DDC678F7735 /* Pods-SwiftStudy.debug.xcconfig */,
				DD24FDD65C505562EA270F2D /* Pods-SwiftStudy.release.xcconfig */,
				EB7C4892C347932ED5A0B756 /* Pods-SwiftStudy-SwiftStudyUITests.debug.xcconfig */,
				87F222C23A869C696C9ED819 /* Pods-SwiftStudy-SwiftStudyUITests.release.xcconfig */,
				281DE0DCF89DA93121DDBCDE /* Pods-SwiftStudyTests.debug.xcconfig */,
				3F941B110800032ABE50C9CC /* Pods-SwiftStudyTests.release.xcconfig */,
			);
			path = Pods;
			sourceTree = "<group>";
		};
		E2000DE006DAAEB64D20B9B8 /* Frameworks */ = {
			isa = PBXGroup;
			children = (
				3F155BF52D30F976D2E9571D /* Pods_SwiftStudy.framework */,
				1AB937FA052768BC8F6DE8E3 /* Pods_SwiftStudy_SwiftStudyUITests.framework */,
				D8A39861821F984254C11111 /* Pods_SwiftStudyTests.framework */,
			);
			name = Frameworks;
			sourceTree = "<group>";
		};
/* End PBXGroup section */

/* Begin PBXNativeTarget section */
		AA6F3E092678D346002FEA50 /* SwiftStudy */ = {
			isa = PBXNativeTarget;
			buildConfigurationList = AA6F3E372678D347002FEA50 /* Build configuration list for PBXNativeTarget "SwiftStudy" */;
			buildPhases = (
				2510ACE7BE32822786B99E33 /* [CP] Check Pods Manifest.lock */,
				AA6F3E062678D346002FEA50 /* Sources */,
				AA6F3E072678D346002FEA50 /* Frameworks */,
				AA6F3E082678D346002FEA50 /* Resources */,
				B310E400015D4E83D47464A1 /* [CP] Embed Pods Frameworks */,
			);
			buildRules = (
			);
			dependencies = (
			);
			name = SwiftStudy;
			productName = SwiftStudy;
			productReference = AA6F3E0A2678D346002FEA50 /* SwiftStudy.app */;
			productType = "com.apple.product-type.application";
		};
		AA6F3E222678D347002FEA50 /* SwiftStudyTests */ = {
			isa = PBXNativeTarget;
			buildConfigurationList = AA6F3E3A2678D347002FEA50 /* Build configuration list for PBXNativeTarget "SwiftStudyTests" */;
			buildPhases = (
				98A6B7FCDA73AFA9569036D3 /* [CP] Check Pods Manifest.lock */,
				AA6F3E1F2678D347002FEA50 /* Sources */,
				AA6F3E202678D347002FEA50 /* Frameworks */,
				AA6F3E212678D347002FEA50 /* Resources */,
			);
			buildRules = (
			);
			dependencies = (
				AA6F3E252678D347002FEA50 /* PBXTargetDependency */,
			);
			name = SwiftStudyTests;
			productName = SwiftStudyTests;
			productReference = AA6F3E232678D347002FEA50 /* SwiftStudyTests.xctest */;
			productType = "com.apple.product-type.bundle.unit-test";
		};
		AA6F3E2D2678D347002FEA50 /* SwiftStudyUITests */ = {
			isa = PBXNativeTarget;
			buildConfigurationList = AA6F3E3D2678D347002FEA50 /* Build configuration list for PBXNativeTarget "SwiftStudyUITests" */;
			buildPhases = (
				899C39735DCA74A97A70636B /* [CP] Check Pods Manifest.lock */,
				AA6F3E2A2678D347002FEA50 /* Sources */,
				AA6F3E2B2678D347002FEA50 /* Frameworks */,
				AA6F3E2C2678D347002FEA50 /* Resources */,
				138CF400BBEE035152679A24 /* [CP] Embed Pods Frameworks */,
			);
			buildRules = (
			);
			dependencies = (
				AA6F3E302678D347002FEA50 /* PBXTargetDependency */,
			);
			name = SwiftStudyUITests;
			productName = SwiftStudyUITests;
			productReference = AA6F3E2E2678D347002FEA50 /* SwiftStudyUITests.xctest */;
			productType = "com.apple.product-type.bundle.ui-testing";
		};
/* End PBXNativeTarget section */

/* Begin PBXProject section */
		AA6F3E022678D346002FEA50 /* Project object */ = {
			isa = PBXProject;
			attributes = {
				LastSwiftUpdateCheck = 1250;
				LastUpgradeCheck = 1250;
				TargetAttributes = {
					AA6F3E092678D346002FEA50 = {
						CreatedOnToolsVersion = 12.5;
					};
					AA6F3E222678D347002FEA50 = {
						CreatedOnToolsVersion = 12.5;
						TestTargetID = AA6F3E092678D346002FEA50;
					};
					AA6F3E2D2678D347002FEA50 = {
						CreatedOnToolsVersion = 12.5;
						TestTargetID = AA6F3E092678D346002FEA50;
					};
				};
			};
			buildConfigurationList = AA6F3E052678D346002FEA50 /* Build configuration list for PBXProject "SwiftStudy" */;
			compatibilityVersion = "Xcode 9.3";
			developmentRegion = en;
			hasScannedForEncodings = 0;
			knownRegions = (
				en,
				Base,
			);
			mainGroup = AA6F3E012678D346002FEA50;
			productRefGroup = AA6F3E0B2678D346002FEA50 /* Products */;
			projectDirPath = "";
			projectRoot = "";
			targets = (
				AA6F3E092678D346002FEA50 /* SwiftStudy */,
				AA6F3E222678D347002FEA50 /* SwiftStudyTests */,
				AA6F3E2D2678D347002FEA50 /* SwiftStudyUITests */,
			);
		};
/* End PBXProject section */

/* Begin PBXResourcesBuildPhase section */
		AA6F3E082678D346002FEA50 /* Resources */ = {
			isa = PBXResourcesBuildPhase;
			buildActionMask = 2147483647;
			files = (
				AA29E6EE26B6E19F0022B4ED /* TimerViewController.xib in Resources */,
				AA6F3E1D2678D347002FEA50 /* LaunchScreen.storyboard in Resources */,
				AA2C7595269F0A470095698F /* MainViewController.xib in Resources */,
				AACB7176268B5A6800CADF6B /* ScrollVC2.xib in Resources */,
				AA16C6E526A056E600D4BF84 /* PageViewController.xib in Resources */,
				AAA8D57B26B2E01F00545223 /* RxSwiftViewController.xib in Resources */,
				AA6F3E452678D3BA002FEA50 /* TextFieldVC.xib in Resources */,
				AA16C6EC26A05D1C00D4BF84 /* FirstPageVC.xib in Resources */,
				AA6F3E1A2678D347002FEA50 /* Assets.xcassets in Resources */,
				AA2C7599269F2C970095698F /* ScrollVC3.xib in Resources */,
				AACB7172268B4FBC00CADF6B /* ScrollVC1.xib in Resources */,
				AA16C6F126A05D3900D4BF84 /* SecondPageVC.xib in Resources */,
			);
			runOnlyForDeploymentPostprocessing = 0;
		};
		AA6F3E212678D347002FEA50 /* Resources */ = {
			isa = PBXResourcesBuildPhase;
			buildActionMask = 2147483647;
			files = (
			);
			runOnlyForDeploymentPostprocessing = 0;
		};
		AA6F3E2C2678D347002FEA50 /* Resources */ = {
			isa = PBXResourcesBuildPhase;
			buildActionMask = 2147483647;
			files = (
			);
			runOnlyForDeploymentPostprocessing = 0;
		};
/* End PBXResourcesBuildPhase section */

/* Begin PBXShellScriptBuildPhase section */
		138CF400BBEE035152679A24 /* [CP] Embed Pods Frameworks */ = {
			isa = PBXShellScriptBuildPhase;
			buildActionMask = 2147483647;
			files = (
			);
			inputFileListPaths = (
				"${PODS_ROOT}/Target Support Files/Pods-SwiftStudy-SwiftStudyUITests/Pods-SwiftStudy-SwiftStudyUITests-frameworks-${CONFIGURATION}-input-files.xcfilelist",
			);
			name = "[CP] Embed Pods Frameworks";
			outputFileListPaths = (
				"${PODS_ROOT}/Target Support Files/Pods-SwiftStudy-SwiftStudyUITests/Pods-SwiftStudy-SwiftStudyUITests-frameworks-${CONFIGURATION}-output-files.xcfilelist",
			);
			runOnlyForDeploymentPostprocessing = 0;
			shellPath = /bin/sh;
			shellScript = "\"${PODS_ROOT}/Target Support Files/Pods-SwiftStudy-SwiftStudyUITests/Pods-SwiftStudy-SwiftStudyUITests-frameworks.sh\"\n";
			showEnvVarsInLog = 0;
		};
		2510ACE7BE32822786B99E33 /* [CP] Check Pods Manifest.lock */ = {
			isa = PBXShellScriptBuildPhase;
			buildActionMask = 2147483647;
			files = (
			);
			inputFileListPaths = (
			);
			inputPaths = (
				"${PODS_PODFILE_DIR_PATH}/Podfile.lock",
				"${PODS_ROOT}/Manifest.lock",
			);
			name = "[CP] Check Pods Manifest.lock";
			outputFileListPaths = (
			);
			outputPaths = (
				"$(DERIVED_FILE_DIR)/Pods-SwiftStudy-checkManifestLockResult.txt",
			);
			runOnlyForDeploymentPostprocessing = 0;
			shellPath = /bin/sh;
			shellScript = "diff \"${PODS_PODFILE_DIR_PATH}/Podfile.lock\" \"${PODS_ROOT}/Manifest.lock\" > /dev/null\nif [ $? != 0 ] ; then\n    # print error to STDERR\n    echo \"error: The sandbox is not in sync with the Podfile.lock. Run 'pod install' or update your CocoaPods installation.\" >&2\n    exit 1\nfi\n# This output is used by Xcode 'outputs' to avoid re-running this script phase.\necho \"SUCCESS\" > \"${SCRIPT_OUTPUT_FILE_0}\"\n";
			showEnvVarsInLog = 0;
		};
		899C39735DCA74A97A70636B /* [CP] Check Pods Manifest.lock */ = {
			isa = PBXShellScriptBuildPhase;
			buildActionMask = 2147483647;
			files = (
			);
			inputFileListPaths = (
			);
			inputPaths = (
				"${PODS_PODFILE_DIR_PATH}/Podfile.lock",
				"${PODS_ROOT}/Manifest.lock",
			);
			name = "[CP] Check Pods Manifest.lock";
			outputFileListPaths = (
			);
			outputPaths = (
				"$(DERIVED_FILE_DIR)/Pods-SwiftStudy-SwiftStudyUITests-checkManifestLockResult.txt",
			);
			runOnlyForDeploymentPostprocessing = 0;
			shellPath = /bin/sh;
			shellScript = "diff \"${PODS_PODFILE_DIR_PATH}/Podfile.lock\" \"${PODS_ROOT}/Manifest.lock\" > /dev/null\nif [ $? != 0 ] ; then\n    # print error to STDERR\n    echo \"error: The sandbox is not in sync with the Podfile.lock. Run 'pod install' or update your CocoaPods installation.\" >&2\n    exit 1\nfi\n# This output is used by Xcode 'outputs' to avoid re-running this script phase.\necho \"SUCCESS\" > \"${SCRIPT_OUTPUT_FILE_0}\"\n";
			showEnvVarsInLog = 0;
		};
		98A6B7FCDA73AFA9569036D3 /* [CP] Check Pods Manifest.lock */ = {
			isa = PBXShellScriptBuildPhase;
			buildActionMask = 2147483647;
			files = (
			);
			inputFileListPaths = (
			);
			inputPaths = (
				"${PODS_PODFILE_DIR_PATH}/Podfile.lock",
				"${PODS_ROOT}/Manifest.lock",
			);
			name = "[CP] Check Pods Manifest.lock";
			outputFileListPaths = (
			);
			outputPaths = (
				"$(DERIVED_FILE_DIR)/Pods-SwiftStudyTests-checkManifestLockResult.txt",
			);
			runOnlyForDeploymentPostprocessing = 0;
			shellPath = /bin/sh;
			shellScript = "diff \"${PODS_PODFILE_DIR_PATH}/Podfile.lock\" \"${PODS_ROOT}/Manifest.lock\" > /dev/null\nif [ $? != 0 ] ; then\n    # print error to STDERR\n    echo \"error: The sandbox is not in sync with the Podfile.lock. Run 'pod install' or update your CocoaPods installation.\" >&2\n    exit 1\nfi\n# This output is used by Xcode 'outputs' to avoid re-running this script phase.\necho \"SUCCESS\" > \"${SCRIPT_OUTPUT_FILE_0}\"\n";
			showEnvVarsInLog = 0;
		};
		B310E400015D4E83D47464A1 /* [CP] Embed Pods Frameworks */ = {
			isa = PBXShellScriptBuildPhase;
			buildActionMask = 2147483647;
			files = (
			);
			inputFileListPaths = (
				"${PODS_ROOT}/Target Support Files/Pods-SwiftStudy/Pods-SwiftStudy-frameworks-${CONFIGURATION}-input-files.xcfilelist",
			);
			name = "[CP] Embed Pods Frameworks";
			outputFileListPaths = (
				"${PODS_ROOT}/Target Support Files/Pods-SwiftStudy/Pods-SwiftStudy-frameworks-${CONFIGURATION}-output-files.xcfilelist",
			);
			runOnlyForDeploymentPostprocessing = 0;
			shellPath = /bin/sh;
			shellScript = "\"${PODS_ROOT}/Target Support Files/Pods-SwiftStudy/Pods-SwiftStudy-frameworks.sh\"\n";
			showEnvVarsInLog = 0;
		};
/* End PBXShellScriptBuildPhase section */

/* Begin PBXSourcesBuildPhase section */
		AA6F3E062678D346002FEA50 /* Sources */ = {
			isa = PBXSourcesBuildPhase;
			buildActionMask = 2147483647;
			files = (
				AA6F3E182678D346002FEA50 /* SwiftStudy.xcdatamodeld in Sources */,
				AA6F3E0E2678D346002FEA50 /* AppDelegate.swift in Sources */,
				AA6F3E102678D346002FEA50 /* SceneDelegate.swift in Sources */,
				AAA8D57726B2E00100545223 /* RxSwiftModels.swift in Sources */,
				AA29E6ED26B6E19F0022B4ED /* TimerViewController.swift in Sources */,
				AA2C7592269F09DD0095698F /* MainViewController.swift in Sources */,
				AAA8D57426B2E00100545223 /* RxSwiftPresenter.swift in Sources */,
				AA2C758E269F09DD0095698F /* MainPresenter.swift in Sources */,
				AA16C6F026A05D3900D4BF84 /* SecondPageVC.swift in Sources */,
				AA2C758F269F09DD0095698F /* MainWorker.swift in Sources */,
				AA16C6E426A056E600D4BF84 /* PageViewController.swift in Sources */,
				AA2C7590269F09DD0095698F /* MainRouter.swift in Sources */,
				AA6F3E442678D3BA002FEA50 /* TextFieldVC.swift in Sources */,
				AACB7171268B4FBC00CADF6B /* ScrollVC1.swift in Sources */,
				AA16C6EB26A05D1C00D4BF84 /* FirstPageVC.swift in Sources */,
				AA2C7598269F2C970095698F /* ScrollVC3.swift in Sources */,
				AACB7179268B6D7F00CADF6B /* UserDefaultsManager.swift in Sources */,
				AAA8D57526B2E00100545223 /* RxSwiftWorker.swift in Sources */,
				AA2C7591269F09DD0095698F /* MainModels.swift in Sources */,
				AAA8D57926B2E00100545223 /* RxSwiftInteractor.swift in Sources */,
				AACB7175268B5A6800CADF6B /* ScrollVC2.swift in Sources */,
				AAA8D57626B2E00100545223 /* RxSwiftRouter.swift in Sources */,
				AAA8D57826B2E00100545223 /* RxSwiftViewController.swift in Sources */,
				AA2C7593269F09DD0095698F /* MainInteractor.swift in Sources */,
			);
			runOnlyForDeploymentPostprocessing = 0;
		};
		AA6F3E1F2678D347002FEA50 /* Sources */ = {
			isa = PBXSourcesBuildPhase;
			buildActionMask = 2147483647;
			files = (
				AA6F3E282678D347002FEA50 /* SwiftStudyTests.swift in Sources */,
			);
			runOnlyForDeploymentPostprocessing = 0;
		};
		AA6F3E2A2678D347002FEA50 /* Sources */ = {
			isa = PBXSourcesBuildPhase;
			buildActionMask = 2147483647;
			files = (
				AA6F3E332678D347002FEA50 /* SwiftStudyUITests.swift in Sources */,
			);
			runOnlyForDeploymentPostprocessing = 0;
		};
/* End PBXSourcesBuildPhase section */

/* Begin PBXTargetDependency section */
		AA6F3E252678D347002FEA50 /* PBXTargetDependency */ = {
			isa = PBXTargetDependency;
			target = AA6F3E092678D346002FEA50 /* SwiftStudy */;
			targetProxy = AA6F3E242678D347002FEA50 /* PBXContainerItemProxy */;
		};
		AA6F3E302678D347002FEA50 /* PBXTargetDependency */ = {
			isa = PBXTargetDependency;
			target = AA6F3E092678D346002FEA50 /* SwiftStudy */;
			targetProxy = AA6F3E2F2678D347002FEA50 /* PBXContainerItemProxy */;
		};
/* End PBXTargetDependency section */

/* Begin PBXVariantGroup section */
		AA6F3E1B2678D347002FEA50 /* LaunchScreen.storyboard */ = {
			isa = PBXVariantGroup;
			children = (
				AA6F3E1C2678D347002FEA50 /* Base */,
			);
			name = LaunchScreen.storyboard;
			sourceTree = "<group>";
		};
/* End PBXVariantGroup section */

/* Begin XCBuildConfiguration section */
		AA6F3E352678D347002FEA50 /* Debug */ = {
			isa = XCBuildConfiguration;
			buildSettings = {
				ALWAYS_SEARCH_USER_PATHS = NO;
				CLANG_ANALYZER_NONNULL = YES;
				CLANG_ANALYZER_NUMBER_OBJECT_CONVERSION = YES_AGGRESSIVE;
				CLANG_CXX_LANGUAGE_STANDARD = "gnu++14";
				CLANG_CXX_LIBRARY = "libc++";
				CLANG_ENABLE_MODULES = YES;
				CLANG_ENABLE_OBJC_ARC = YES;
				CLANG_ENABLE_OBJC_WEAK = YES;
				CLANG_WARN_BLOCK_CAPTURE_AUTORELEASING = YES;
				CLANG_WARN_BOOL_CONVERSION = YES;
				CLANG_WARN_COMMA = YES;
				CLANG_WARN_CONSTANT_CONVERSION = YES;
				CLANG_WARN_DEPRECATED_OBJC_IMPLEMENTATIONS = YES;
				CLANG_WARN_DIRECT_OBJC_ISA_USAGE = YES_ERROR;
				CLANG_WARN_DOCUMENTATION_COMMENTS = YES;
				CLANG_WARN_EMPTY_BODY = YES;
				CLANG_WARN_ENUM_CONVERSION = YES;
				CLANG_WARN_INFINITE_RECURSION = YES;
				CLANG_WARN_INT_CONVERSION = YES;
				CLANG_WARN_NON_LITERAL_NULL_CONVERSION = YES;
				CLANG_WARN_OBJC_IMPLICIT_RETAIN_SELF = YES;
				CLANG_WARN_OBJC_LITERAL_CONVERSION = YES;
				CLANG_WARN_OBJC_ROOT_CLASS = YES_ERROR;
				CLANG_WARN_QUOTED_INCLUDE_IN_FRAMEWORK_HEADER = YES;
				CLANG_WARN_RANGE_LOOP_ANALYSIS = YES;
				CLANG_WARN_STRICT_PROTOTYPES = YES;
				CLANG_WARN_SUSPICIOUS_MOVE = YES;
				CLANG_WARN_UNGUARDED_AVAILABILITY = YES_AGGRESSIVE;
				CLANG_WARN_UNREACHABLE_CODE = YES;
				CLANG_WARN__DUPLICATE_METHOD_MATCH = YES;
				COPY_PHASE_STRIP = NO;
				DEBUG_INFORMATION_FORMAT = dwarf;
				ENABLE_STRICT_OBJC_MSGSEND = YES;
				ENABLE_TESTABILITY = YES;
				GCC_C_LANGUAGE_STANDARD = gnu11;
				GCC_DYNAMIC_NO_PIC = NO;
				GCC_NO_COMMON_BLOCKS = YES;
				GCC_OPTIMIZATION_LEVEL = 0;
				GCC_PREPROCESSOR_DEFINITIONS = (
					"DEBUG=1",
					"$(inherited)",
				);
				GCC_WARN_64_TO_32_BIT_CONVERSION = YES;
				GCC_WARN_ABOUT_RETURN_TYPE = YES_ERROR;
				GCC_WARN_UNDECLARED_SELECTOR = YES;
				GCC_WARN_UNINITIALIZED_AUTOS = YES_AGGRESSIVE;
				GCC_WARN_UNUSED_FUNCTION = YES;
				GCC_WARN_UNUSED_VARIABLE = YES;
				IPHONEOS_DEPLOYMENT_TARGET = 14.1;
				MTL_ENABLE_DEBUG_INFO = INCLUDE_SOURCE;
				MTL_FAST_MATH = YES;
				ONLY_ACTIVE_ARCH = YES;
				SDKROOT = iphoneos;
				SWIFT_ACTIVE_COMPILATION_CONDITIONS = DEBUG;
				SWIFT_OPTIMIZATION_LEVEL = "-Onone";
			};
			name = Debug;
		};
		AA6F3E362678D347002FEA50 /* Release */ = {
			isa = XCBuildConfiguration;
			buildSettings = {
				ALWAYS_SEARCH_USER_PATHS = NO;
				CLANG_ANALYZER_NONNULL = YES;
				CLANG_ANALYZER_NUMBER_OBJECT_CONVERSION = YES_AGGRESSIVE;
				CLANG_CXX_LANGUAGE_STANDARD = "gnu++14";
				CLANG_CXX_LIBRARY = "libc++";
				CLANG_ENABLE_MODULES = YES;
				CLANG_ENABLE_OBJC_ARC = YES;
				CLANG_ENABLE_OBJC_WEAK = YES;
				CLANG_WARN_BLOCK_CAPTURE_AUTORELEASING = YES;
				CLANG_WARN_BOOL_CONVERSION = YES;
				CLANG_WARN_COMMA = YES;
				CLANG_WARN_CONSTANT_CONVERSION = YES;
				CLANG_WARN_DEPRECATED_OBJC_IMPLEMENTATIONS = YES;
				CLANG_WARN_DIRECT_OBJC_ISA_USAGE = YES_ERROR;
				CLANG_WARN_DOCUMENTATION_COMMENTS = YES;
				CLANG_WARN_EMPTY_BODY = YES;
				CLANG_WARN_ENUM_CONVERSION = YES;
				CLANG_WARN_INFINITE_RECURSION = YES;
				CLANG_WARN_INT_CONVERSION = YES;
				CLANG_WARN_NON_LITERAL_NULL_CONVERSION = YES;
				CLANG_WARN_OBJC_IMPLICIT_RETAIN_SELF = YES;
				CLANG_WARN_OBJC_LITERAL_CONVERSION = YES;
				CLANG_WARN_OBJC_ROOT_CLASS = YES_ERROR;
				CLANG_WARN_QUOTED_INCLUDE_IN_FRAMEWORK_HEADER = YES;
				CLANG_WARN_RANGE_LOOP_ANALYSIS = YES;
				CLANG_WARN_STRICT_PROTOTYPES = YES;
				CLANG_WARN_SUSPICIOUS_MOVE = YES;
				CLANG_WARN_UNGUARDED_AVAILABILITY = YES_AGGRESSIVE;
				CLANG_WARN_UNREACHABLE_CODE = YES;
				CLANG_WARN__DUPLICATE_METHOD_MATCH = YES;
				COPY_PHASE_STRIP = NO;
				DEBUG_INFORMATION_FORMAT = "dwarf-with-dsym";
				ENABLE_NS_ASSERTIONS = NO;
				ENABLE_STRICT_OBJC_MSGSEND = YES;
				GCC_C_LANGUAGE_STANDARD = gnu11;
				GCC_NO_COMMON_BLOCKS = YES;
				GCC_WARN_64_TO_32_BIT_CONVERSION = YES;
				GCC_WARN_ABOUT_RETURN_TYPE = YES_ERROR;
				GCC_WARN_UNDECLARED_SELECTOR = YES;
				GCC_WARN_UNINITIALIZED_AUTOS = YES_AGGRESSIVE;
				GCC_WARN_UNUSED_FUNCTION = YES;
				GCC_WARN_UNUSED_VARIABLE = YES;
				IPHONEOS_DEPLOYMENT_TARGET = 14.1;
				MTL_ENABLE_DEBUG_INFO = NO;
				MTL_FAST_MATH = YES;
				SDKROOT = iphoneos;
				SWIFT_COMPILATION_MODE = wholemodule;
				SWIFT_OPTIMIZATION_LEVEL = "-O";
				VALIDATE_PRODUCT = YES;
			};
			name = Release;
		};
		AA6F3E382678D347002FEA50 /* Debug */ = {
			isa = XCBuildConfiguration;
			baseConfigurationReference = 66F78063F3504DDC678F7735 /* Pods-SwiftStudy.debug.xcconfig */;
			buildSettings = {
				ASSETCATALOG_COMPILER_APPICON_NAME = AppIcon;
				ASSETCATALOG_COMPILER_GLOBAL_ACCENT_COLOR_NAME = AccentColor;
				CODE_SIGN_STYLE = Automatic;
				DEVELOPMENT_TEAM = KY2Q95Y5P2;
				INFOPLIST_FILE = SwiftStudy/Info.plist;
				LD_RUNPATH_SEARCH_PATHS = (
					"$(inherited)",
					"@executable_path/Frameworks",
				);
				PRODUCT_BUNDLE_IDENTIFIER = hyukjun.SwiftStudy;
				PRODUCT_NAME = "$(TARGET_NAME)";
				SWIFT_VERSION = 5.0;
				TARGETED_DEVICE_FAMILY = "1,2";
			};
			name = Debug;
		};
		AA6F3E392678D347002FEA50 /* Release */ = {
			isa = XCBuildConfiguration;
			baseConfigurationReference = DD24FDD65C505562EA270F2D /* Pods-SwiftStudy.release.xcconfig */;
			buildSettings = {
				ASSETCATALOG_COMPILER_APPICON_NAME = AppIcon;
				ASSETCATALOG_COMPILER_GLOBAL_ACCENT_COLOR_NAME = AccentColor;
				CODE_SIGN_STYLE = Automatic;
				DEVELOPMENT_TEAM = KY2Q95Y5P2;
				INFOPLIST_FILE = SwiftStudy/Info.plist;
				LD_RUNPATH_SEARCH_PATHS = (
					"$(inherited)",
					"@executable_path/Frameworks",
				);
				PRODUCT_BUNDLE_IDENTIFIER = hyukjun.SwiftStudy;
				PRODUCT_NAME = "$(TARGET_NAME)";
				SWIFT_VERSION = 5.0;
				TARGETED_DEVICE_FAMILY = "1,2";
			};
			name = Release;
		};
		AA6F3E3B2678D347002FEA50 /* Debug */ = {
			isa = XCBuildConfiguration;
			baseConfigurationReference = 281DE0DCF89DA93121DDBCDE /* Pods-SwiftStudyTests.debug.xcconfig */;
			buildSettings = {
				ALWAYS_EMBED_SWIFT_STANDARD_LIBRARIES = YES;
				BUNDLE_LOADER = "$(TEST_HOST)";
				CODE_SIGN_STYLE = Automatic;
				INFOPLIST_FILE = SwiftStudyTests/Info.plist;
				IPHONEOS_DEPLOYMENT_TARGET = 14.5;
				LD_RUNPATH_SEARCH_PATHS = (
					"$(inherited)",
					"@executable_path/Frameworks",
					"@loader_path/Frameworks",
				);
				PRODUCT_BUNDLE_IDENTIFIER = hyukjun.SwiftStudyTests;
				PRODUCT_NAME = "$(TARGET_NAME)";
				SWIFT_VERSION = 5.0;
				TARGETED_DEVICE_FAMILY = "1,2";
				TEST_HOST = "$(BUILT_PRODUCTS_DIR)/SwiftStudy.app/SwiftStudy";
			};
			name = Debug;
		};
		AA6F3E3C2678D347002FEA50 /* Release */ = {
			isa = XCBuildConfiguration;
			baseConfigurationReference = 3F941B110800032ABE50C9CC /* Pods-SwiftStudyTests.release.xcconfig */;
			buildSettings = {
				ALWAYS_EMBED_SWIFT_STANDARD_LIBRARIES = YES;
				BUNDLE_LOADER = "$(TEST_HOST)";
				CODE_SIGN_STYLE = Automatic;
				INFOPLIST_FILE = SwiftStudyTests/Info.plist;
				IPHONEOS_DEPLOYMENT_TARGET = 14.5;
				LD_RUNPATH_SEARCH_PATHS = (
					"$(inherited)",
					"@executable_path/Frameworks",
					"@loader_path/Frameworks",
				);
				PRODUCT_BUNDLE_IDENTIFIER = hyukjun.SwiftStudyTests;
				PRODUCT_NAME = "$(TARGET_NAME)";
				SWIFT_VERSION = 5.0;
				TARGETED_DEVICE_FAMILY = "1,2";
				TEST_HOST = "$(BUILT_PRODUCTS_DIR)/SwiftStudy.app/SwiftStudy";
			};
			name = Release;
		};
		AA6F3E3E2678D347002FEA50 /* Debug */ = {
			isa = XCBuildConfiguration;
			baseConfigurationReference = EB7C4892C347932ED5A0B756 /* Pods-SwiftStudy-SwiftStudyUITests.debug.xcconfig */;
			buildSettings = {
				ALWAYS_EMBED_SWIFT_STANDARD_LIBRARIES = YES;
				CODE_SIGN_STYLE = Automatic;
				INFOPLIST_FILE = SwiftStudyUITests/Info.plist;
				LD_RUNPATH_SEARCH_PATHS = (
					"$(inherited)",
					"@executable_path/Frameworks",
					"@loader_path/Frameworks",
				);
				PRODUCT_BUNDLE_IDENTIFIER = hyukjun.SwiftStudyUITests;
				PRODUCT_NAME = "$(TARGET_NAME)";
				SWIFT_VERSION = 5.0;
				TARGETED_DEVICE_FAMILY = "1,2";
				TEST_TARGET_NAME = SwiftStudy;
			};
			name = Debug;
		};
		AA6F3E3F2678D347002FEA50 /* Release */ = {
			isa = XCBuildConfiguration;
			baseConfigurationReference = 87F222C23A869C696C9ED819 /* Pods-SwiftStudy-SwiftStudyUITests.release.xcconfig */;
			buildSettings = {
				ALWAYS_EMBED_SWIFT_STANDARD_LIBRARIES = YES;
				CODE_SIGN_STYLE = Automatic;
				INFOPLIST_FILE = SwiftStudyUITests/Info.plist;
				LD_RUNPATH_SEARCH_PATHS = (
					"$(inherited)",
					"@executable_path/Frameworks",
					"@loader_path/Frameworks",
				);
				PRODUCT_BUNDLE_IDENTIFIER = hyukjun.SwiftStudyUITests;
				PRODUCT_NAME = "$(TARGET_NAME)";
				SWIFT_VERSION = 5.0;
				TARGETED_DEVICE_FAMILY = "1,2";
				TEST_TARGET_NAME = SwiftStudy;
			};
			name = Release;
		};
/* End XCBuildConfiguration section */

/* Begin XCConfigurationList section */
		AA6F3E052678D346002FEA50 /* Build configuration list for PBXProject "SwiftStudy" */ = {
			isa = XCConfigurationList;
			buildConfigurations = (
				AA6F3E352678D347002FEA50 /* Debug */,
				AA6F3E362678D347002FEA50 /* Release */,
			);
			defaultConfigurationIsVisible = 0;
			defaultConfigurationName = Release;
		};
		AA6F3E372678D347002FEA50 /* Build configuration list for PBXNativeTarget "SwiftStudy" */ = {
			isa = XCConfigurationList;
			buildConfigurations = (
				AA6F3E382678D347002FEA50 /* Debug */,
				AA6F3E392678D347002FEA50 /* Release */,
			);
			defaultConfigurationIsVisible = 0;
			defaultConfigurationName = Release;
		};
		AA6F3E3A2678D347002FEA50 /* Build configuration list for PBXNativeTarget "SwiftStudyTests" */ = {
			isa = XCConfigurationList;
			buildConfigurations = (
				AA6F3E3B2678D347002FEA50 /* Debug */,
				AA6F3E3C2678D347002FEA50 /* Release */,
			);
			defaultConfigurationIsVisible = 0;
			defaultConfigurationName = Release;
		};
		AA6F3E3D2678D347002FEA50 /* Build configuration list for PBXNativeTarget "SwiftStudyUITests" */ = {
			isa = XCConfigurationList;
			buildConfigurations = (
				AA6F3E3E2678D347002FEA50 /* Debug */,
				AA6F3E3F2678D347002FEA50 /* Release */,
			);
			defaultConfigurationIsVisible = 0;
			defaultConfigurationName = Release;
		};
/* End XCConfigurationList section */

/* Begin XCVersionGroup section */
		AA6F3E162678D346002FEA50 /* SwiftStudy.xcdatamodeld */ = {
			isa = XCVersionGroup;
			children = (
				AA6F3E172678D346002FEA50 /* SwiftStudy.xcdatamodel */,
			);
			currentVersion = AA6F3E172678D346002FEA50 /* SwiftStudy.xcdatamodel */;
			path = SwiftStudy.xcdatamodeld;
			sourceTree = "<group>";
			versionGroupType = wrapper.xcdatamodel;
		};
/* End XCVersionGroup section */
	};
	rootObject = AA6F3E022678D346002FEA50 /* Project object */;
}
